// !$*UTF8*$!
{
	archiveVersion = 1;
	classes = {
	};
	objectVersion = 48;
	objects = {

/* Begin PBXBuildFile section */
		03032B8720638E15009D9906 /* CarsMapsViewController.swift in Sources */ = {isa = PBXBuildFile; fileRef = 0342045E205993D600084500 /* CarsMapsViewController.swift */; };
		03032B8820638E15009D9906 /* HomeMapViewModel.swift in Sources */ = {isa = PBXBuildFile; fileRef = 03C40B5C2063662A005C8D07 /* HomeMapViewModel.swift */; };
		03032B8920638E15009D9906 /* MapCarsViewModel.swift in Sources */ = {isa = PBXBuildFile; fileRef = 03C40B5A20636544005C8D07 /* MapCarsViewModel.swift */; };
		03120296205BE7490069BAF1 /* HomeDriversTest.swift in Sources */ = {isa = PBXBuildFile; fileRef = 03120295205BE7490069BAF1 /* HomeDriversTest.swift */; };
		03120298205BE76A0069BAF1 /* MockHomeDeriverTest.swift in Sources */ = {isa = PBXBuildFile; fileRef = 03120297205BE76A0069BAF1 /* MockHomeDeriverTest.swift */; };
		0312029B205BE7880069BAF1 /* MockSearchDriversServiece.swift in Sources */ = {isa = PBXBuildFile; fileRef = 0312029A205BE7880069BAF1 /* MockSearchDriversServiece.swift */; };
		0312029E205BECE70069BAF1 /* WunderLocationTests.swift in Sources */ = {isa = PBXBuildFile; fileRef = 0312029D205BECE70069BAF1 /* WunderLocationTests.swift */; };
		031202A6205BF4060069BAF1 /* BaseUITest.swift in Sources */ = {isa = PBXBuildFile; fileRef = 031202A1205BF4060069BAF1 /* BaseUITest.swift */; };
		031202A7205BF4060069BAF1 /* XCUIElementUtil.swift in Sources */ = {isa = PBXBuildFile; fileRef = 031202A3205BF4060069BAF1 /* XCUIElementUtil.swift */; };
		031202A8205BF4060069BAF1 /* HomeSearchUITests.swift in Sources */ = {isa = PBXBuildFile; fileRef = 031202A5205BF4060069BAF1 /* HomeSearchUITests.swift */; };
		03408B9C205A8A6A0083375E /* DriverPinMarkView.swift in Sources */ = {isa = PBXBuildFile; fileRef = 034204542059937900084500 /* DriverPinMarkView.swift */; };
		03408B9E205A8B460083375E /* SearchDriversServiece.swift in Sources */ = {isa = PBXBuildFile; fileRef = 03408B9D205A8B460083375E /* SearchDriversServiece.swift */; };
		034203B420598F0A00084500 /* AppDelegate.swift in Sources */ = {isa = PBXBuildFile; fileRef = 034203B320598F0A00084500 /* AppDelegate.swift */; };
		034203C920598F0A00084500 /* WunderDriveTests.swift in Sources */ = {isa = PBXBuildFile; fileRef = 034203C820598F0A00084500 /* WunderDriveTests.swift */; };
		034203D420598F0A00084500 /* WunderDriveUITests.swift in Sources */ = {isa = PBXBuildFile; fileRef = 034203D320598F0A00084500 /* WunderDriveUITests.swift */; };
		034204232059913C00084500 /* Assets.xcassets in Resources */ = {isa = PBXBuildFile; fileRef = 034203E22059913B00084500 /* Assets.xcassets */; };
		034204242059913C00084500 /* LaunchScreen.storyboard in Resources */ = {isa = PBXBuildFile; fileRef = 034203E42059913B00084500 /* LaunchScreen.storyboard */; };
		034204252059913C00084500 /* Main.storyboard in Resources */ = {isa = PBXBuildFile; fileRef = 034203E62059913B00084500 /* Main.storyboard */; };
		034204392059913C00084500 /* Helper.swift in Sources */ = {isa = PBXBuildFile; fileRef = 034204122059913B00084500 /* Helper.swift */; };
		0342043A2059913C00084500 /* UIApplication+Extension.swift in Sources */ = {isa = PBXBuildFile; fileRef = 034204142059913B00084500 /* UIApplication+Extension.swift */; };
		0342043B2059913C00084500 /* UIColor+Extension.swift in Sources */ = {isa = PBXBuildFile; fileRef = 034204152059913B00084500 /* UIColor+Extension.swift */; };
		0342043D2059913C00084500 /* UIView+Extension.swift in Sources */ = {isa = PBXBuildFile; fileRef = 034204172059913B00084500 /* UIView+Extension.swift */; };
		034204422059913C00084500 /* UITableView+Extension.swift in Sources */ = {isa = PBXBuildFile; fileRef = 0342041C2059913B00084500 /* UITableView+Extension.swift */; };
		034204532059934F00084500 /* Car.swift in Sources */ = {isa = PBXBuildFile; fileRef = 034204522059934F00084500 /* Car.swift */; };
		034204552059937900084500 /* DriverPinMarkView.swift in Sources */ = {isa = PBXBuildFile; fileRef = 034204542059937900084500 /* DriverPinMarkView.swift */; };
		034204572059938300084500 /* DriverPinMarkView.xib in Resources */ = {isa = PBXBuildFile; fileRef = 034204562059938300084500 /* DriverPinMarkView.xib */; };
		0342045A205993A400084500 /* DriverInformationCell.swift in Sources */ = {isa = PBXBuildFile; fileRef = 03420458205993A400084500 /* DriverInformationCell.swift */; };
		0342045B205993A400084500 /* DriverInformationCell.xib in Resources */ = {isa = PBXBuildFile; fileRef = 03420459205993A400084500 /* DriverInformationCell.xib */; };
		0342045D205993B900084500 /* ListCarsViewController.swift in Sources */ = {isa = PBXBuildFile; fileRef = 0342045C205993B900084500 /* ListCarsViewController.swift */; };
		034204612059945000084500 /* ListCarsViewModel.swift in Sources */ = {isa = PBXBuildFile; fileRef = 034204602059945000084500 /* ListCarsViewModel.swift */; };
		03C40B492062B945005C8D07 /* BaseCoordinator.swift in Sources */ = {isa = PBXBuildFile; fileRef = 03C40B482062B945005C8D07 /* BaseCoordinator.swift */; };
		03C40B4B2062B9D3005C8D07 /* WunderCoordinator.swift in Sources */ = {isa = PBXBuildFile; fileRef = 03C40B4A2062B9D3005C8D07 /* WunderCoordinator.swift */; };
		03C40B4E2062BB75005C8D07 /* RequestPermissionViewController.swift in Sources */ = {isa = PBXBuildFile; fileRef = 03C40B4D2062BB75005C8D07 /* RequestPermissionViewController.swift */; };
		03C40B532062BC9B005C8D07 /* RequestPermissionCoordinator.swift in Sources */ = {isa = PBXBuildFile; fileRef = 03C40B522062BC9B005C8D07 /* RequestPermissionCoordinator.swift */; };
		03C40B562062BEB0005C8D07 /* HomePageCoordinator.swift in Sources */ = {isa = PBXBuildFile; fileRef = 03C40B552062BEB0005C8D07 /* HomePageCoordinator.swift */; };
		03C40B5920635D43005C8D07 /* HomeListViewModel.swift in Sources */ = {isa = PBXBuildFile; fileRef = 03C40B5820635D43005C8D07 /* HomeListViewModel.swift */; };
		03D777B1205AF49200CEE019 /* PlaceMarkModel.swift in Sources */ = {isa = PBXBuildFile; fileRef = 03D777B0205AF49200CEE019 /* PlaceMarkModel.swift */; };
		03D777B3205B710400CEE019 /* WunderLocationManager.swift in Sources */ = {isa = PBXBuildFile; fileRef = 03D777B2205B710400CEE019 /* WunderLocationManager.swift */; };
		435D590F498895A41978C83C /* Pods_WunderDrive.framework in Frameworks */ = {isa = PBXBuildFile; fileRef = EB02F9419AF1905EB54CE613 /* Pods_WunderDrive.framework */; };
/* End PBXBuildFile section */

/* Begin PBXContainerItemProxy section */
		034203C520598F0A00084500 /* PBXContainerItemProxy */ = {
			isa = PBXContainerItemProxy;
			containerPortal = 034203A820598F0900084500 /* Project object */;
			proxyType = 1;
			remoteGlobalIDString = 034203AF20598F0A00084500;
			remoteInfo = WunderDrive;
		};
		034203D020598F0A00084500 /* PBXContainerItemProxy */ = {
			isa = PBXContainerItemProxy;
			containerPortal = 034203A820598F0900084500 /* Project object */;
			proxyType = 1;
			remoteGlobalIDString = 034203AF20598F0A00084500;
			remoteInfo = WunderDrive;
		};
/* End PBXContainerItemProxy section */

/* Begin PBXFileReference section */
		02B8FD8BDB3229145E515DDA /* Pods_WunderDriveTests.framework */ = {isa = PBXFileReference; explicitFileType = wrapper.framework; includeInIndex = 0; path = Pods_WunderDriveTests.framework; sourceTree = BUILT_PRODUCTS_DIR; };
		03120295205BE7490069BAF1 /* HomeDriversTest.swift */ = {isa = PBXFileReference; lastKnownFileType = sourcecode.swift; path = HomeDriversTest.swift; sourceTree = "<group>"; };
		03120297205BE76A0069BAF1 /* MockHomeDeriverTest.swift */ = {isa = PBXFileReference; lastKnownFileType = sourcecode.swift; path = MockHomeDeriverTest.swift; sourceTree = "<group>"; };
		0312029A205BE7880069BAF1 /* MockSearchDriversServiece.swift */ = {isa = PBXFileReference; lastKnownFileType = sourcecode.swift; path = MockSearchDriversServiece.swift; sourceTree = "<group>"; };
		0312029D205BECE70069BAF1 /* WunderLocationTests.swift */ = {isa = PBXFileReference; lastKnownFileType = sourcecode.swift; path = WunderLocationTests.swift; sourceTree = "<group>"; };
		031202A1205BF4060069BAF1 /* BaseUITest.swift */ = {isa = PBXFileReference; fileEncoding = 4; lastKnownFileType = sourcecode.swift; path = BaseUITest.swift; sourceTree = "<group>"; };
		031202A3205BF4060069BAF1 /* XCUIElementUtil.swift */ = {isa = PBXFileReference; fileEncoding = 4; lastKnownFileType = sourcecode.swift; path = XCUIElementUtil.swift; sourceTree = "<group>"; };
		031202A5205BF4060069BAF1 /* HomeSearchUITests.swift */ = {isa = PBXFileReference; fileEncoding = 4; lastKnownFileType = sourcecode.swift; path = HomeSearchUITests.swift; sourceTree = "<group>"; };
		03408B9D205A8B460083375E /* SearchDriversServiece.swift */ = {isa = PBXFileReference; lastKnownFileType = sourcecode.swift; path = SearchDriversServiece.swift; sourceTree = "<group>"; };
		034203B020598F0A00084500 /* WunderDrive.app */ = {isa = PBXFileReference; explicitFileType = wrapper.application; includeInIndex = 0; path = WunderDrive.app; sourceTree = BUILT_PRODUCTS_DIR; };
		034203B320598F0A00084500 /* AppDelegate.swift */ = {isa = PBXFileReference; lastKnownFileType = sourcecode.swift; path = AppDelegate.swift; sourceTree = "<group>"; };
		034203BF20598F0A00084500 /* Info.plist */ = {isa = PBXFileReference; lastKnownFileType = text.plist.xml; path = Info.plist; sourceTree = "<group>"; };
		034203C420598F0A00084500 /* WunderDriveTests.xctest */ = {isa = PBXFileReference; explicitFileType = wrapper.cfbundle; includeInIndex = 0; path = WunderDriveTests.xctest; sourceTree = BUILT_PRODUCTS_DIR; };
		034203C820598F0A00084500 /* WunderDriveTests.swift */ = {isa = PBXFileReference; lastKnownFileType = sourcecode.swift; path = WunderDriveTests.swift; sourceTree = "<group>"; };
		034203CA20598F0A00084500 /* Info.plist */ = {isa = PBXFileReference; lastKnownFileType = text.plist.xml; path = Info.plist; sourceTree = "<group>"; };
		034203CF20598F0A00084500 /* WunderDriveUITests.xctest */ = {isa = PBXFileReference; explicitFileType = wrapper.cfbundle; includeInIndex = 0; path = WunderDriveUITests.xctest; sourceTree = BUILT_PRODUCTS_DIR; };
		034203D320598F0A00084500 /* WunderDriveUITests.swift */ = {isa = PBXFileReference; lastKnownFileType = sourcecode.swift; path = WunderDriveUITests.swift; sourceTree = "<group>"; };
		034203D520598F0A00084500 /* Info.plist */ = {isa = PBXFileReference; lastKnownFileType = text.plist.xml; path = Info.plist; sourceTree = "<group>"; };
		034203E22059913B00084500 /* Assets.xcassets */ = {isa = PBXFileReference; lastKnownFileType = folder.assetcatalog; path = Assets.xcassets; sourceTree = "<group>"; };
		034203E52059913B00084500 /* Base */ = {isa = PBXFileReference; lastKnownFileType = file.storyboard; name = Base; path = Base.lproj/LaunchScreen.storyboard; sourceTree = "<group>"; };
		034203E72059913B00084500 /* Base */ = {isa = PBXFileReference; lastKnownFileType = file.storyboard; name = Base; path = Base.lproj/Main.storyboard; sourceTree = "<group>"; };
		034204122059913B00084500 /* Helper.swift */ = {isa = PBXFileReference; fileEncoding = 4; lastKnownFileType = sourcecode.swift; path = Helper.swift; sourceTree = "<group>"; };
		034204142059913B00084500 /* UIApplication+Extension.swift */ = {isa = PBXFileReference; fileEncoding = 4; lastKnownFileType = sourcecode.swift; path = "UIApplication+Extension.swift"; sourceTree = "<group>"; };
		034204152059913B00084500 /* UIColor+Extension.swift */ = {isa = PBXFileReference; fileEncoding = 4; lastKnownFileType = sourcecode.swift; path = "UIColor+Extension.swift"; sourceTree = "<group>"; };
		034204172059913B00084500 /* UIView+Extension.swift */ = {isa = PBXFileReference; fileEncoding = 4; lastKnownFileType = sourcecode.swift; path = "UIView+Extension.swift"; sourceTree = "<group>"; };
		0342041C2059913B00084500 /* UITableView+Extension.swift */ = {isa = PBXFileReference; fileEncoding = 4; lastKnownFileType = sourcecode.swift; path = "UITableView+Extension.swift"; sourceTree = "<group>"; };
		034204522059934F00084500 /* Car.swift */ = {isa = PBXFileReference; lastKnownFileType = sourcecode.swift; path = Car.swift; sourceTree = "<group>"; };
		034204542059937900084500 /* DriverPinMarkView.swift */ = {isa = PBXFileReference; lastKnownFileType = sourcecode.swift; path = DriverPinMarkView.swift; sourceTree = "<group>"; };
		034204562059938300084500 /* DriverPinMarkView.xib */ = {isa = PBXFileReference; lastKnownFileType = file.xib; path = DriverPinMarkView.xib; sourceTree = "<group>"; };
		03420458205993A400084500 /* DriverInformationCell.swift */ = {isa = PBXFileReference; lastKnownFileType = sourcecode.swift; path = DriverInformationCell.swift; sourceTree = "<group>"; };
		03420459205993A400084500 /* DriverInformationCell.xib */ = {isa = PBXFileReference; lastKnownFileType = file.xib; path = DriverInformationCell.xib; sourceTree = "<group>"; };
		0342045C205993B900084500 /* ListCarsViewController.swift */ = {isa = PBXFileReference; lastKnownFileType = sourcecode.swift; path = ListCarsViewController.swift; sourceTree = "<group>"; };
		0342045E205993D600084500 /* CarsMapsViewController.swift */ = {isa = PBXFileReference; lastKnownFileType = sourcecode.swift; path = CarsMapsViewController.swift; sourceTree = "<group>"; };
		034204602059945000084500 /* ListCarsViewModel.swift */ = {isa = PBXFileReference; lastKnownFileType = sourcecode.swift; path = ListCarsViewModel.swift; sourceTree = "<group>"; };
		03C40B482062B945005C8D07 /* BaseCoordinator.swift */ = {isa = PBXFileReference; lastKnownFileType = sourcecode.swift; path = BaseCoordinator.swift; sourceTree = "<group>"; };
		03C40B4A2062B9D3005C8D07 /* WunderCoordinator.swift */ = {isa = PBXFileReference; lastKnownFileType = sourcecode.swift; path = WunderCoordinator.swift; sourceTree = "<group>"; };
		03C40B4D2062BB75005C8D07 /* RequestPermissionViewController.swift */ = {isa = PBXFileReference; lastKnownFileType = sourcecode.swift; path = RequestPermissionViewController.swift; sourceTree = "<group>"; };
		03C40B522062BC9B005C8D07 /* RequestPermissionCoordinator.swift */ = {isa = PBXFileReference; lastKnownFileType = sourcecode.swift; path = RequestPermissionCoordinator.swift; sourceTree = "<group>"; };
		03C40B552062BEB0005C8D07 /* HomePageCoordinator.swift */ = {isa = PBXFileReference; lastKnownFileType = sourcecode.swift; path = HomePageCoordinator.swift; sourceTree = "<group>"; };
		03C40B5820635D43005C8D07 /* HomeListViewModel.swift */ = {isa = PBXFileReference; lastKnownFileType = sourcecode.swift; path = HomeListViewModel.swift; sourceTree = "<group>"; };
		03C40B5A20636544005C8D07 /* MapCarsViewModel.swift */ = {isa = PBXFileReference; lastKnownFileType = sourcecode.swift; path = MapCarsViewModel.swift; sourceTree = "<group>"; };
		03C40B5C2063662A005C8D07 /* HomeMapViewModel.swift */ = {isa = PBXFileReference; lastKnownFileType = sourcecode.swift; path = HomeMapViewModel.swift; sourceTree = "<group>"; };
		03D777B0205AF49200CEE019 /* PlaceMarkModel.swift */ = {isa = PBXFileReference; lastKnownFileType = sourcecode.swift; path = PlaceMarkModel.swift; sourceTree = "<group>"; };
		03D777B2205B710400CEE019 /* WunderLocationManager.swift */ = {isa = PBXFileReference; lastKnownFileType = sourcecode.swift; path = WunderLocationManager.swift; sourceTree = "<group>"; };
		B92965317A3A23B2C3B1DF43 /* Pods-WunderDrive.debug.xcconfig */ = {isa = PBXFileReference; includeInIndex = 1; lastKnownFileType = text.xcconfig; name = "Pods-WunderDrive.debug.xcconfig"; path = "Pods/Target Support Files/Pods-WunderDrive/Pods-WunderDrive.debug.xcconfig"; sourceTree = "<group>"; };
		E7360BC3A53F9863D0EBB04B /* Pods-WunderDrive.release.xcconfig */ = {isa = PBXFileReference; includeInIndex = 1; lastKnownFileType = text.xcconfig; name = "Pods-WunderDrive.release.xcconfig"; path = "Pods/Target Support Files/Pods-WunderDrive/Pods-WunderDrive.release.xcconfig"; sourceTree = "<group>"; };
		EB02F9419AF1905EB54CE613 /* Pods_WunderDrive.framework */ = {isa = PBXFileReference; explicitFileType = wrapper.framework; includeInIndex = 0; path = Pods_WunderDrive.framework; sourceTree = BUILT_PRODUCTS_DIR; };
/* End PBXFileReference section */

/* Begin PBXFrameworksBuildPhase section */
		034203AD20598F0A00084500 /* Frameworks */ = {
			isa = PBXFrameworksBuildPhase;
			buildActionMask = 2147483647;
			files = (
				435D590F498895A41978C83C /* Pods_WunderDrive.framework in Frameworks */,
			);
			runOnlyForDeploymentPostprocessing = 0;
		};
		034203C120598F0A00084500 /* Frameworks */ = {
			isa = PBXFrameworksBuildPhase;
			buildActionMask = 2147483647;
			files = (
			);
			runOnlyForDeploymentPostprocessing = 0;
		};
		034203CC20598F0A00084500 /* Frameworks */ = {
			isa = PBXFrameworksBuildPhase;
			buildActionMask = 2147483647;
			files = (
			);
			runOnlyForDeploymentPostprocessing = 0;
		};
/* End PBXFrameworksBuildPhase section */

/* Begin PBXGroup section */
		03120293205BE7250069BAF1 /* HomeDrivers */ = {
			isa = PBXGroup;
			children = (
				03120299205BE7750069BAF1 /* MockServieces */,
				03120295205BE7490069BAF1 /* HomeDriversTest.swift */,
				03120297205BE76A0069BAF1 /* MockHomeDeriverTest.swift */,
				0312029D205BECE70069BAF1 /* WunderLocationTests.swift */,
			);
			path = HomeDrivers;
			sourceTree = "<group>";
		};
		03120299205BE7750069BAF1 /* MockServieces */ = {
			isa = PBXGroup;
			children = (
				0312029A205BE7880069BAF1 /* MockSearchDriversServiece.swift */,
			);
			path = MockServieces;
			sourceTree = "<group>";
		};
		031202A0205BF4060069BAF1 /* BaseUITest */ = {
			isa = PBXGroup;
			children = (
				031202A1205BF4060069BAF1 /* BaseUITest.swift */,
			);
			path = BaseUITest;
			sourceTree = "<group>";
		};
		031202A2205BF4060069BAF1 /* Helper */ = {
			isa = PBXGroup;
			children = (
				031202A3205BF4060069BAF1 /* XCUIElementUtil.swift */,
			);
			path = Helper;
			sourceTree = "<group>";
		};
		031202A4205BF4060069BAF1 /* HomeSearch */ = {
			isa = PBXGroup;
			children = (
				031202A5205BF4060069BAF1 /* HomeSearchUITests.swift */,
			);
			path = HomeSearch;
			sourceTree = "<group>";
		};
		034203A720598F0900084500 = {
			isa = PBXGroup;
			children = (
				034203B220598F0A00084500 /* WunderDrive */,
				034203C720598F0A00084500 /* WunderDriveTests */,
				034203D220598F0A00084500 /* WunderDriveUITests */,
				034203B120598F0A00084500 /* Products */,
				218F1A667EE00BC4A84B82B0 /* Pods */,
				3AC157DA14B9376B15B1400A /* Frameworks */,
			);
			sourceTree = "<group>";
		};
		034203B120598F0A00084500 /* Products */ = {
			isa = PBXGroup;
			children = (
				034203B020598F0A00084500 /* WunderDrive.app */,
				034203C420598F0A00084500 /* WunderDriveTests.xctest */,
				034203CF20598F0A00084500 /* WunderDriveUITests.xctest */,
			);
			name = Products;
			sourceTree = "<group>";
		};
		034203B220598F0A00084500 /* WunderDrive */ = {
			isa = PBXGroup;
			children = (
				034203B320598F0A00084500 /* AppDelegate.swift */,
				03C40B472062B92D005C8D07 /* Coordinators */,
				03D777B4205B712200CEE019 /* Components */,
				034204132059913B00084500 /* Extensions */,
				034203E12059913B00084500 /* Resources */,
				034203E82059913B00084500 /* Sections */,
				034203E32059913B00084500 /* Storyboards */,
				0342040C2059913B00084500 /* Utilities */,
				034203BF20598F0A00084500 /* Info.plist */,
			);
			path = WunderDrive;
			sourceTree = "<group>";
		};
		034203C720598F0A00084500 /* WunderDriveTests */ = {
			isa = PBXGroup;
			children = (
				03120293205BE7250069BAF1 /* HomeDrivers */,
				034203C820598F0A00084500 /* WunderDriveTests.swift */,
				034203CA20598F0A00084500 /* Info.plist */,
			);
			path = WunderDriveTests;
			sourceTree = "<group>";
		};
		034203D220598F0A00084500 /* WunderDriveUITests */ = {
			isa = PBXGroup;
			children = (
				031202A0205BF4060069BAF1 /* BaseUITest */,
				031202A2205BF4060069BAF1 /* Helper */,
				031202A4205BF4060069BAF1 /* HomeSearch */,
				034203D320598F0A00084500 /* WunderDriveUITests.swift */,
				034203D520598F0A00084500 /* Info.plist */,
			);
			path = WunderDriveUITests;
			sourceTree = "<group>";
		};
		034203E12059913B00084500 /* Resources */ = {
			isa = PBXGroup;
			children = (
				034203E22059913B00084500 /* Assets.xcassets */,
			);
			path = Resources;
			sourceTree = "<group>";
		};
		034203E32059913B00084500 /* Storyboards */ = {
			isa = PBXGroup;
			children = (
				034203E62059913B00084500 /* Main.storyboard */,
				034203E42059913B00084500 /* LaunchScreen.storyboard */,
			);
			path = Storyboards;
			sourceTree = "<group>";
		};
		034203E82059913B00084500 /* Sections */ = {
			isa = PBXGroup;
			children = (
				03C40B4F2062BC62005C8D07 /* RequestPermission */,
				0342044A205992D500084500 /* HomeDrivers */,
			);
			path = Sections;
			sourceTree = "<group>";
		};
		0342040C2059913B00084500 /* Utilities */ = {
			isa = PBXGroup;
			children = (
				034204122059913B00084500 /* Helper.swift */,
			);
			path = Utilities;
			sourceTree = "<group>";
		};
		034204132059913B00084500 /* Extensions */ = {
			isa = PBXGroup;
			children = (
				034204142059913B00084500 /* UIApplication+Extension.swift */,
				034204152059913B00084500 /* UIColor+Extension.swift */,
				034204172059913B00084500 /* UIView+Extension.swift */,
				0342041C2059913B00084500 /* UITableView+Extension.swift */,
			);
			path = Extensions;
			sourceTree = "<group>";
		};
		0342044A205992D500084500 /* HomeDrivers */ = {
			isa = PBXGroup;
			children = (
				03C40B542062BE90005C8D07 /* Coordinators */,
				0342044F2059930200084500 /* Services */,
				0342044E205992FD00084500 /* Views */,
				0342044D205992F700084500 /* Controllers */,
				0342044C205992F200084500 /* Models */,
				0342044B205992E600084500 /* ViewModels */,
			);
			path = HomeDrivers;
			sourceTree = "<group>";
		};
		0342044B205992E600084500 /* ViewModels */ = {
			isa = PBXGroup;
			children = (
				03C40B5720635D32005C8D07 /* Protocols */,
				034204602059945000084500 /* ListCarsViewModel.swift */,
				03C40B5A20636544005C8D07 /* MapCarsViewModel.swift */,
			);
			path = ViewModels;
			sourceTree = "<group>";
		};
		0342044C205992F200084500 /* Models */ = {
			isa = PBXGroup;
			children = (
				034204522059934F00084500 /* Car.swift */,
				03D777B0205AF49200CEE019 /* PlaceMarkModel.swift */,
			);
			path = Models;
			sourceTree = "<group>";
		};
		0342044D205992F700084500 /* Controllers */ = {
			isa = PBXGroup;
			children = (
				0342045C205993B900084500 /* ListCarsViewController.swift */,
				0342045E205993D600084500 /* CarsMapsViewController.swift */,
			);
			path = Controllers;
			sourceTree = "<group>";
		};
		0342044E205992FD00084500 /* Views */ = {
			isa = PBXGroup;
			children = (
				034204542059937900084500 /* DriverPinMarkView.swift */,
				034204562059938300084500 /* DriverPinMarkView.xib */,
				03420458205993A400084500 /* DriverInformationCell.swift */,
				03420459205993A400084500 /* DriverInformationCell.xib */,
			);
			path = Views;
			sourceTree = "<group>";
		};
		0342044F2059930200084500 /* Services */ = {
			isa = PBXGroup;
			children = (
				03408B9D205A8B460083375E /* SearchDriversServiece.swift */,
			);
			path = Services;
			sourceTree = "<group>";
		};
		03C40B472062B92D005C8D07 /* Coordinators */ = {
			isa = PBXGroup;
			children = (
				03C40B482062B945005C8D07 /* BaseCoordinator.swift */,
				03C40B4A2062B9D3005C8D07 /* WunderCoordinator.swift */,
			);
			path = Coordinators;
			sourceTree = "<group>";
		};
		03C40B4F2062BC62005C8D07 /* RequestPermission */ = {
			isa = PBXGroup;
			children = (
				03C40B512062BC82005C8D07 /* Coordinator */,
				03C40B502062BC72005C8D07 /* ViewController */,
			);
			path = RequestPermission;
			sourceTree = "<group>";
		};
		03C40B502062BC72005C8D07 /* ViewController */ = {
			isa = PBXGroup;
			children = (
				03C40B4D2062BB75005C8D07 /* RequestPermissionViewController.swift */,
			);
			path = ViewController;
			sourceTree = "<group>";
		};
		03C40B512062BC82005C8D07 /* Coordinator */ = {
			isa = PBXGroup;
			children = (
				03C40B522062BC9B005C8D07 /* RequestPermissionCoordinator.swift */,
			);
			path = Coordinator;
			sourceTree = "<group>";
		};
		03C40B542062BE90005C8D07 /* Coordinators */ = {
			isa = PBXGroup;
			children = (
				03C40B552062BEB0005C8D07 /* HomePageCoordinator.swift */,
			);
			path = Coordinators;
			sourceTree = "<group>";
		};
		03C40B5720635D32005C8D07 /* Protocols */ = {
			isa = PBXGroup;
			children = (
				03C40B5820635D43005C8D07 /* HomeListViewModel.swift */,
				03C40B5C2063662A005C8D07 /* HomeMapViewModel.swift */,
			);
			path = Protocols;
			sourceTree = "<group>";
		};
		03D777B4205B712200CEE019 /* Components */ = {
			isa = PBXGroup;
			children = (
				03D777B6205B7F4D00CEE019 /* LocationManager */,
			);
			path = Components;
			sourceTree = "<group>";
		};
		03D777B6205B7F4D00CEE019 /* LocationManager */ = {
			isa = PBXGroup;
			children = (
				03D777B2205B710400CEE019 /* WunderLocationManager.swift */,
			);
			path = LocationManager;
			sourceTree = "<group>";
		};
		218F1A667EE00BC4A84B82B0 /* Pods */ = {
			isa = PBXGroup;
			children = (
				B92965317A3A23B2C3B1DF43 /* Pods-WunderDrive.debug.xcconfig */,
				E7360BC3A53F9863D0EBB04B /* Pods-WunderDrive.release.xcconfig */,
			);
			name = Pods;
			sourceTree = "<group>";
		};
		3AC157DA14B9376B15B1400A /* Frameworks */ = {
			isa = PBXGroup;
			children = (
				EB02F9419AF1905EB54CE613 /* Pods_WunderDrive.framework */,
				02B8FD8BDB3229145E515DDA /* Pods_WunderDriveTests.framework */,
			);
			name = Frameworks;
			sourceTree = "<group>";
		};
/* End PBXGroup section */

/* Begin PBXNativeTarget section */
		034203AF20598F0A00084500 /* WunderDrive */ = {
			isa = PBXNativeTarget;
			buildConfigurationList = 034203D820598F0A00084500 /* Build configuration list for PBXNativeTarget "WunderDrive" */;
			buildPhases = (
				216293747A849255FBCE5075 /* [CP] Check Pods Manifest.lock */,
				034203AC20598F0A00084500 /* Sources */,
				034203AD20598F0A00084500 /* Frameworks */,
				034203AE20598F0A00084500 /* Resources */,
				4A4111F98D646C49A551FF0B /* [CP] Embed Pods Frameworks */,
				436F7C394F6BDEC8029012C9 /* [CP] Copy Pods Resources */,
			);
			buildRules = (
			);
			dependencies = (
			);
			name = WunderDrive;
			productName = WunderDrive;
			productReference = 034203B020598F0A00084500 /* WunderDrive.app */;
			productType = "com.apple.product-type.application";
		};
		034203C320598F0A00084500 /* WunderDriveTests */ = {
			isa = PBXNativeTarget;
			buildConfigurationList = 034203DB20598F0A00084500 /* Build configuration list for PBXNativeTarget "WunderDriveTests" */;
			buildPhases = (
				034203C020598F0A00084500 /* Sources */,
				034203C120598F0A00084500 /* Frameworks */,
				034203C220598F0A00084500 /* Resources */,
			);
			buildRules = (
			);
			dependencies = (
				034203C620598F0A00084500 /* PBXTargetDependency */,
			);
			name = WunderDriveTests;
			productName = WunderDriveTests;
			productReference = 034203C420598F0A00084500 /* WunderDriveTests.xctest */;
			productType = "com.apple.product-type.bundle.unit-test";
		};
		034203CE20598F0A00084500 /* WunderDriveUITests */ = {
			isa = PBXNativeTarget;
			buildConfigurationList = 034203DE20598F0A00084500 /* Build configuration list for PBXNativeTarget "WunderDriveUITests" */;
			buildPhases = (
				034203CB20598F0A00084500 /* Sources */,
				034203CC20598F0A00084500 /* Frameworks */,
				034203CD20598F0A00084500 /* Resources */,
			);
			buildRules = (
			);
			dependencies = (
				034203D120598F0A00084500 /* PBXTargetDependency */,
			);
			name = WunderDriveUITests;
			productName = WunderDriveUITests;
			productReference = 034203CF20598F0A00084500 /* WunderDriveUITests.xctest */;
			productType = "com.apple.product-type.bundle.ui-testing";
		};
/* End PBXNativeTarget section */

/* Begin PBXProject section */
		034203A820598F0900084500 /* Project object */ = {
			isa = PBXProject;
			attributes = {
				LastSwiftUpdateCheck = 0920;
				LastUpgradeCheck = 0920;
				ORGANIZATIONNAME = "Tran Hoang Canh";
				TargetAttributes = {
					034203AF20598F0A00084500 = {
						CreatedOnToolsVersion = 9.2;
						ProvisioningStyle = Automatic;
					};
					034203C320598F0A00084500 = {
						CreatedOnToolsVersion = 9.2;
						ProvisioningStyle = Automatic;
						TestTargetID = 034203AF20598F0A00084500;
					};
					034203CE20598F0A00084500 = {
						CreatedOnToolsVersion = 9.2;
						ProvisioningStyle = Automatic;
						TestTargetID = 034203AF20598F0A00084500;
					};
				};
			};
			buildConfigurationList = 034203AB20598F0900084500 /* Build configuration list for PBXProject "WunderDrive" */;
			compatibilityVersion = "Xcode 8.0";
			developmentRegion = en;
			hasScannedForEncodings = 0;
			knownRegions = (
				en,
				Base,
			);
			mainGroup = 034203A720598F0900084500;
			productRefGroup = 034203B120598F0A00084500 /* Products */;
			projectDirPath = "";
			projectRoot = "";
			targets = (
				034203AF20598F0A00084500 /* WunderDrive */,
				034203C320598F0A00084500 /* WunderDriveTests */,
				034203CE20598F0A00084500 /* WunderDriveUITests */,
			);
		};
/* End PBXProject section */

/* Begin PBXResourcesBuildPhase section */
		034203AE20598F0A00084500 /* Resources */ = {
			isa = PBXResourcesBuildPhase;
			buildActionMask = 2147483647;
			files = (
				0342045B205993A400084500 /* DriverInformationCell.xib in Resources */,
				034204252059913C00084500 /* Main.storyboard in Resources */,
				034204232059913C00084500 /* Assets.xcassets in Resources */,
				034204572059938300084500 /* DriverPinMarkView.xib in Resources */,
				034204242059913C00084500 /* LaunchScreen.storyboard in Resources */,
			);
			runOnlyForDeploymentPostprocessing = 0;
		};
		034203C220598F0A00084500 /* Resources */ = {
			isa = PBXResourcesBuildPhase;
			buildActionMask = 2147483647;
			files = (
			);
			runOnlyForDeploymentPostprocessing = 0;
		};
		034203CD20598F0A00084500 /* Resources */ = {
			isa = PBXResourcesBuildPhase;
			buildActionMask = 2147483647;
			files = (
			);
			runOnlyForDeploymentPostprocessing = 0;
		};
/* End PBXResourcesBuildPhase section */

/* Begin PBXShellScriptBuildPhase section */
		216293747A849255FBCE5075 /* [CP] Check Pods Manifest.lock */ = {
			isa = PBXShellScriptBuildPhase;
			buildActionMask = 2147483647;
			files = (
			);
			inputPaths = (
				"${PODS_PODFILE_DIR_PATH}/Podfile.lock",
				"${PODS_ROOT}/Manifest.lock",
			);
			name = "[CP] Check Pods Manifest.lock";
			outputPaths = (
				"$(DERIVED_FILE_DIR)/Pods-WunderDrive-checkManifestLockResult.txt",
			);
			runOnlyForDeploymentPostprocessing = 0;
			shellPath = /bin/sh;
			shellScript = "diff \"${PODS_PODFILE_DIR_PATH}/Podfile.lock\" \"${PODS_ROOT}/Manifest.lock\" > /dev/null\nif [ $? != 0 ] ; then\n    # print error to STDERR\n    echo \"error: The sandbox is not in sync with the Podfile.lock. Run 'pod install' or update your CocoaPods installation.\" >&2\n    exit 1\nfi\n# This output is used by Xcode 'outputs' to avoid re-running this script phase.\necho \"SUCCESS\" > \"${SCRIPT_OUTPUT_FILE_0}\"\n";
			showEnvVarsInLog = 0;
		};
		436F7C394F6BDEC8029012C9 /* [CP] Copy Pods Resources */ = {
			isa = PBXShellScriptBuildPhase;
			buildActionMask = 2147483647;
			files = (
			);
			inputPaths = (
			);
			name = "[CP] Copy Pods Resources";
			outputPaths = (
			);
			runOnlyForDeploymentPostprocessing = 0;
			shellPath = /bin/sh;
			shellScript = "\"${SRCROOT}/Pods/Target Support Files/Pods-WunderDrive/Pods-WunderDrive-resources.sh\"\n";
			showEnvVarsInLog = 0;
		};
		4A4111F98D646C49A551FF0B /* [CP] Embed Pods Frameworks */ = {
			isa = PBXShellScriptBuildPhase;
			buildActionMask = 2147483647;
			files = (
			);
			inputPaths = (
				"${SRCROOT}/Pods/Target Support Files/Pods-WunderDrive/Pods-WunderDrive-frameworks.sh",
				"${BUILT_PRODUCTS_DIR}/Alamofire/Alamofire.framework",
				"${BUILT_PRODUCTS_DIR}/CT_RESTAPI/CT_RESTAPI.framework",
				"${BUILT_PRODUCTS_DIR}/Kingfisher/Kingfisher.framework",
				"${BUILT_PRODUCTS_DIR}/MapViewPlus/MapViewPlus.framework",
			);
			name = "[CP] Embed Pods Frameworks";
			outputPaths = (
				"${TARGET_BUILD_DIR}/${FRAMEWORKS_FOLDER_PATH}/Alamofire.framework",
				"${TARGET_BUILD_DIR}/${FRAMEWORKS_FOLDER_PATH}/CT_RESTAPI.framework",
				"${TARGET_BUILD_DIR}/${FRAMEWORKS_FOLDER_PATH}/Kingfisher.framework",
				"${TARGET_BUILD_DIR}/${FRAMEWORKS_FOLDER_PATH}/MapViewPlus.framework",
			);
			runOnlyForDeploymentPostprocessing = 0;
			shellPath = /bin/sh;
			shellScript = "\"${SRCROOT}/Pods/Target Support Files/Pods-WunderDrive/Pods-WunderDrive-frameworks.sh\"\n";
			showEnvVarsInLog = 0;
		};
/* End PBXShellScriptBuildPhase section */

/* Begin PBXSourcesBuildPhase section */
		034203AC20598F0A00084500 /* Sources */ = {
			isa = PBXSourcesBuildPhase;
			buildActionMask = 2147483647;
			files = (
				03D777B1205AF49200CEE019 /* PlaceMarkModel.swift in Sources */,
				0342043B2059913C00084500 /* UIColor+Extension.swift in Sources */,
				03C40B4B2062B9D3005C8D07 /* WunderCoordinator.swift in Sources */,
				03C40B4E2062BB75005C8D07 /* RequestPermissionViewController.swift in Sources */,
				0342045A205993A400084500 /* DriverInformationCell.swift in Sources */,
				03408B9E205A8B460083375E /* SearchDriversServiece.swift in Sources */,
				03C40B562062BEB0005C8D07 /* HomePageCoordinator.swift in Sources */,
				034204532059934F00084500 /* Car.swift in Sources */,
				0342045D205993B900084500 /* ListCarsViewController.swift in Sources */,
				0342043D2059913C00084500 /* UIView+Extension.swift in Sources */,
				034204392059913C00084500 /* Helper.swift in Sources */,
				034204612059945000084500 /* ListCarsViewModel.swift in Sources */,
				034203B420598F0A00084500 /* AppDelegate.swift in Sources */,
				034204422059913C00084500 /* UITableView+Extension.swift in Sources */,
				034204552059937900084500 /* DriverPinMarkView.swift in Sources */,
				03032B8720638E15009D9906 /* CarsMapsViewController.swift in Sources */,
				03032B8920638E15009D9906 /* MapCarsViewModel.swift in Sources */,
				03C40B5920635D43005C8D07 /* HomeListViewModel.swift in Sources */,
				0342043A2059913C00084500 /* UIApplication+Extension.swift in Sources */,
				03032B8820638E15009D9906 /* HomeMapViewModel.swift in Sources */,
				03D777B3205B710400CEE019 /* WunderLocationManager.swift in Sources */,
				03C40B492062B945005C8D07 /* BaseCoordinator.swift in Sources */,
				03C40B532062BC9B005C8D07 /* RequestPermissionCoordinator.swift in Sources */,
			);
			runOnlyForDeploymentPostprocessing = 0;
		};
		034203C020598F0A00084500 /* Sources */ = {
			isa = PBXSourcesBuildPhase;
			buildActionMask = 2147483647;
			files = (
				03120296205BE7490069BAF1 /* HomeDriversTest.swift in Sources */,
				03120298205BE76A0069BAF1 /* MockHomeDeriverTest.swift in Sources */,
				0312029E205BECE70069BAF1 /* WunderLocationTests.swift in Sources */,
				034203C920598F0A00084500 /* WunderDriveTests.swift in Sources */,
				0312029B205BE7880069BAF1 /* MockSearchDriversServiece.swift in Sources */,
			);
			runOnlyForDeploymentPostprocessing = 0;
		};
		034203CB20598F0A00084500 /* Sources */ = {
			isa = PBXSourcesBuildPhase;
			buildActionMask = 2147483647;
			files = (
				031202A8205BF4060069BAF1 /* HomeSearchUITests.swift in Sources */,
				031202A6205BF4060069BAF1 /* BaseUITest.swift in Sources */,
				031202A7205BF4060069BAF1 /* XCUIElementUtil.swift in Sources */,
				03408B9C205A8A6A0083375E /* DriverPinMarkView.swift in Sources */,
				034203D420598F0A00084500 /* WunderDriveUITests.swift in Sources */,
			);
			runOnlyForDeploymentPostprocessing = 0;
		};
/* End PBXSourcesBuildPhase section */

/* Begin PBXTargetDependency section */
		034203C620598F0A00084500 /* PBXTargetDependency */ = {
			isa = PBXTargetDependency;
			target = 034203AF20598F0A00084500 /* WunderDrive */;
			targetProxy = 034203C520598F0A00084500 /* PBXContainerItemProxy */;
		};
		034203D120598F0A00084500 /* PBXTargetDependency */ = {
			isa = PBXTargetDependency;
			target = 034203AF20598F0A00084500 /* WunderDrive */;
			targetProxy = 034203D020598F0A00084500 /* PBXContainerItemProxy */;
		};
/* End PBXTargetDependency section */

/* Begin PBXVariantGroup section */
		034203E42059913B00084500 /* LaunchScreen.storyboard */ = {
			isa = PBXVariantGroup;
			children = (
				034203E52059913B00084500 /* Base */,
			);
			name = LaunchScreen.storyboard;
			sourceTree = "<group>";
		};
		034203E62059913B00084500 /* Main.storyboard */ = {
			isa = PBXVariantGroup;
			children = (
				034203E72059913B00084500 /* Base */,
			);
			name = Main.storyboard;
			sourceTree = "<group>";
		};
/* End PBXVariantGroup section */

/* Begin XCBuildConfiguration section */
		034203D620598F0A00084500 /* Debug */ = {
			isa = XCBuildConfiguration;
			buildSettings = {
				ALWAYS_SEARCH_USER_PATHS = NO;
				CLANG_ANALYZER_NONNULL = YES;
				CLANG_ANALYZER_NUMBER_OBJECT_CONVERSION = YES_AGGRESSIVE;
				CLANG_CXX_LANGUAGE_STANDARD = "gnu++14";
				CLANG_CXX_LIBRARY = "libc++";
				CLANG_ENABLE_MODULES = YES;
				CLANG_ENABLE_OBJC_ARC = YES;
				CLANG_WARN_BLOCK_CAPTURE_AUTORELEASING = YES;
				CLANG_WARN_BOOL_CONVERSION = YES;
				CLANG_WARN_COMMA = YES;
				CLANG_WARN_CONSTANT_CONVERSION = YES;
				CLANG_WARN_DIRECT_OBJC_ISA_USAGE = YES_ERROR;
				CLANG_WARN_DOCUMENTATION_COMMENTS = YES;
				CLANG_WARN_EMPTY_BODY = YES;
				CLANG_WARN_ENUM_CONVERSION = YES;
				CLANG_WARN_INFINITE_RECURSION = YES;
				CLANG_WARN_INT_CONVERSION = YES;
				CLANG_WARN_NON_LITERAL_NULL_CONVERSION = YES;
				CLANG_WARN_OBJC_LITERAL_CONVERSION = YES;
				CLANG_WARN_OBJC_ROOT_CLASS = YES_ERROR;
				CLANG_WARN_RANGE_LOOP_ANALYSIS = YES;
				CLANG_WARN_STRICT_PROTOTYPES = YES;
				CLANG_WARN_SUSPICIOUS_MOVE = YES;
				CLANG_WARN_UNGUARDED_AVAILABILITY = YES_AGGRESSIVE;
				CLANG_WARN_UNREACHABLE_CODE = YES;
				CLANG_WARN__DUPLICATE_METHOD_MATCH = YES;
				CODE_SIGN_IDENTITY = "iPhone Developer";
				COPY_PHASE_STRIP = NO;
				DEBUG_INFORMATION_FORMAT = dwarf;
				ENABLE_STRICT_OBJC_MSGSEND = YES;
				ENABLE_TESTABILITY = YES;
				GCC_C_LANGUAGE_STANDARD = gnu11;
				GCC_DYNAMIC_NO_PIC = NO;
				GCC_NO_COMMON_BLOCKS = YES;
				GCC_OPTIMIZATION_LEVEL = 0;
				GCC_PREPROCESSOR_DEFINITIONS = (
					"DEBUG=1",
					"$(inherited)",
				);
				GCC_WARN_64_TO_32_BIT_CONVERSION = YES;
				GCC_WARN_ABOUT_RETURN_TYPE = YES_ERROR;
				GCC_WARN_UNDECLARED_SELECTOR = YES;
				GCC_WARN_UNINITIALIZED_AUTOS = YES_AGGRESSIVE;
				GCC_WARN_UNUSED_FUNCTION = YES;
				GCC_WARN_UNUSED_VARIABLE = YES;
				IPHONEOS_DEPLOYMENT_TARGET = 11.2;
				MTL_ENABLE_DEBUG_INFO = YES;
				ONLY_ACTIVE_ARCH = YES;
				SDKROOT = iphoneos;
				SWIFT_ACTIVE_COMPILATION_CONDITIONS = DEBUG;
				SWIFT_OPTIMIZATION_LEVEL = "-Onone";
			};
			name = Debug;
		};
		034203D720598F0A00084500 /* Release */ = {
			isa = XCBuildConfiguration;
			buildSettings = {
				ALWAYS_SEARCH_USER_PATHS = NO;
				CLANG_ANALYZER_NONNULL = YES;
				CLANG_ANALYZER_NUMBER_OBJECT_CONVERSION = YES_AGGRESSIVE;
				CLANG_CXX_LANGUAGE_STANDARD = "gnu++14";
				CLANG_CXX_LIBRARY = "libc++";
				CLANG_ENABLE_MODULES = YES;
				CLANG_ENABLE_OBJC_ARC = YES;
				CLANG_WARN_BLOCK_CAPTURE_AUTORELEASING = YES;
				CLANG_WARN_BOOL_CONVERSION = YES;
				CLANG_WARN_COMMA = YES;
				CLANG_WARN_CONSTANT_CONVERSION = YES;
				CLANG_WARN_DIRECT_OBJC_ISA_USAGE = YES_ERROR;
				CLANG_WARN_DOCUMENTATION_COMMENTS = YES;
				CLANG_WARN_EMPTY_BODY = YES;
				CLANG_WARN_ENUM_CONVERSION = YES;
				CLANG_WARN_INFINITE_RECURSION = YES;
				CLANG_WARN_INT_CONVERSION = YES;
				CLANG_WARN_NON_LITERAL_NULL_CONVERSION = YES;
				CLANG_WARN_OBJC_LITERAL_CONVERSION = YES;
				CLANG_WARN_OBJC_ROOT_CLASS = YES_ERROR;
				CLANG_WARN_RANGE_LOOP_ANALYSIS = YES;
				CLANG_WARN_STRICT_PROTOTYPES = YES;
				CLANG_WARN_SUSPICIOUS_MOVE = YES;
				CLANG_WARN_UNGUARDED_AVAILABILITY = YES_AGGRESSIVE;
				CLANG_WARN_UNREACHABLE_CODE = YES;
				CLANG_WARN__DUPLICATE_METHOD_MATCH = YES;
				CODE_SIGN_IDENTITY = "iPhone Developer";
				COPY_PHASE_STRIP = NO;
				DEBUG_INFORMATION_FORMAT = "dwarf-with-dsym";
				ENABLE_NS_ASSERTIONS = NO;
				ENABLE_STRICT_OBJC_MSGSEND = YES;
				GCC_C_LANGUAGE_STANDARD = gnu11;
				GCC_NO_COMMON_BLOCKS = YES;
				GCC_WARN_64_TO_32_BIT_CONVERSION = YES;
				GCC_WARN_ABOUT_RETURN_TYPE = YES_ERROR;
				GCC_WARN_UNDECLARED_SELECTOR = YES;
				GCC_WARN_UNINITIALIZED_AUTOS = YES_AGGRESSIVE;
				GCC_WARN_UNUSED_FUNCTION = YES;
				GCC_WARN_UNUSED_VARIABLE = YES;
				IPHONEOS_DEPLOYMENT_TARGET = 11.2;
				MTL_ENABLE_DEBUG_INFO = NO;
				SDKROOT = iphoneos;
				SWIFT_OPTIMIZATION_LEVEL = "-Owholemodule";
				VALIDATE_PRODUCT = YES;
			};
			name = Release;
		};
		034203D920598F0A00084500 /* Debug */ = {
			isa = XCBuildConfiguration;
			baseConfigurationReference = B92965317A3A23B2C3B1DF43 /* Pods-WunderDrive.debug.xcconfig */;
			buildSettings = {
				ASSETCATALOG_COMPILER_APPICON_NAME = AppIcon;
				CODE_SIGN_STYLE = Automatic;
				DEVELOPMENT_TEAM = S4L5HY6Q7D;
				INFOPLIST_FILE = WunderDrive/Info.plist;
				LD_RUNPATH_SEARCH_PATHS = "$(inherited) @executable_path/Frameworks";
				PRODUCT_BUNDLE_IDENTIFIER = canh.tran.WunderDrive;
				PRODUCT_NAME = "$(TARGET_NAME)";
				SWIFT_VERSION = 4.0;
				TARGETED_DEVICE_FAMILY = "1,2";
			};
			name = Debug;
		};
		034203DA20598F0A00084500 /* Release */ = {
			isa = XCBuildConfiguration;
			baseConfigurationReference = E7360BC3A53F9863D0EBB04B /* Pods-WunderDrive.release.xcconfig */;
			buildSettings = {
				ASSETCATALOG_COMPILER_APPICON_NAME = AppIcon;
				CODE_SIGN_STYLE = Automatic;
				DEVELOPMENT_TEAM = S4L5HY6Q7D;
				INFOPLIST_FILE = WunderDrive/Info.plist;
				LD_RUNPATH_SEARCH_PATHS = "$(inherited) @executable_path/Frameworks";
				PRODUCT_BUNDLE_IDENTIFIER = canh.tran.WunderDrive;
				PRODUCT_NAME = "$(TARGET_NAME)";
				SWIFT_VERSION = 4.0;
				TARGETED_DEVICE_FAMILY = "1,2";
			};
			name = Release;
		};
		034203DC20598F0A00084500 /* Debug */ = {
			isa = XCBuildConfiguration;
			buildSettings = {
				ALWAYS_EMBED_SWIFT_STANDARD_LIBRARIES = YES;
				BUNDLE_LOADER = "$(TEST_HOST)";
				CODE_SIGN_STYLE = Automatic;
				DEVELOPMENT_TEAM = S4L5HY6Q7D;
				INFOPLIST_FILE = WunderDriveTests/Info.plist;
				LD_RUNPATH_SEARCH_PATHS = "$(inherited) @executable_path/Frameworks @loader_path/Frameworks";
				PRODUCT_BUNDLE_IDENTIFIER = canh.tran.WunderDriveTests;
				PRODUCT_NAME = "$(TARGET_NAME)";
				SWIFT_VERSION = 4.0;
				TARGETED_DEVICE_FAMILY = "1,2";
				TEST_HOST = "$(BUILT_PRODUCTS_DIR)/WunderDrive.app/WunderDrive";
			};
			name = Debug;
		};
		034203DD20598F0A00084500 /* Release */ = {
			isa = XCBuildConfiguration;
			buildSettings = {
				ALWAYS_EMBED_SWIFT_STANDARD_LIBRARIES = YES;
				BUNDLE_LOADER = "$(TEST_HOST)";
				CODE_SIGN_STYLE = Automatic;
				DEVELOPMENT_TEAM = S4L5HY6Q7D;
				INFOPLIST_FILE = WunderDriveTests/Info.plist;
				LD_RUNPATH_SEARCH_PATHS = "$(inherited) @executable_path/Frameworks @loader_path/Frameworks";
				PRODUCT_BUNDLE_IDENTIFIER = canh.tran.WunderDriveTests;
				PRODUCT_NAME = "$(TARGET_NAME)";
				SWIFT_VERSION = 4.0;
				TARGETED_DEVICE_FAMILY = "1,2";
				TEST_HOST = "$(BUILT_PRODUCTS_DIR)/WunderDrive.app/WunderDrive";
			};
			name = Release;
		};
		034203DF20598F0A00084500 /* Debug */ = {
			isa = XCBuildConfiguration;
			buildSettings = {
				ALWAYS_EMBED_SWIFT_STANDARD_LIBRARIES = YES;
				CODE_SIGN_STYLE = Automatic;
				DEVELOPMENT_TEAM = S4L5HY6Q7D;
				INFOPLIST_FILE = WunderDriveUITests/Info.plist;
				LD_RUNPATH_SEARCH_PATHS = "$(inherited) @executable_path/Frameworks @loader_path/Frameworks";
				PRODUCT_BUNDLE_IDENTIFIER = canh.tran.WunderDriveUITests;
				PRODUCT_NAME = "$(TARGET_NAME)";
				SWIFT_VERSION = 4.0;
				TARGETED_DEVICE_FAMILY = "1,2";
				TEST_TARGET_NAME = WunderDrive;
			};
			name = Debug;
		};
		034203E020598F0A00084500 /* Release */ = {
			isa = XCBuildConfiguration;
			buildSettings = {
				ALWAYS_EMBED_SWIFT_STANDARD_LIBRARIES = YES;
				CODE_SIGN_STYLE = Automatic;
				DEVELOPMENT_TEAM = S4L5HY6Q7D;
				INFOPLIST_FILE = WunderDriveUITests/Info.plist;
				LD_RUNPATH_SEARCH_PATHS = "$(inherited) @executable_path/Frameworks @loader_path/Frameworks";
				PRODUCT_BUNDLE_IDENTIFIER = canh.tran.WunderDriveUITests;
				PRODUCT_NAME = "$(TARGET_NAME)";
				SWIFT_VERSION = 4.0;
				TARGETED_DEVICE_FAMILY = "1,2";
				TEST_TARGET_NAME = WunderDrive;
			};
			name = Release;
		};
/* End XCBuildConfiguration section */

/* Begin XCConfigurationList section */
		034203AB20598F0900084500 /* Build configuration list for PBXProject "WunderDrive" */ = {
			isa = XCConfigurationList;
			buildConfigurations = (
				034203D620598F0A00084500 /* Debug */,
				034203D720598F0A00084500 /* Release */,
			);
			defaultConfigurationIsVisible = 0;
			defaultConfigurationName = Release;
		};
		034203D820598F0A00084500 /* Build configuration list for PBXNativeTarget "WunderDrive" */ = {
			isa = XCConfigurationList;
			buildConfigurations = (
				034203D920598F0A00084500 /* Debug */,
				034203DA20598F0A00084500 /* Release */,
			);
			defaultConfigurationIsVisible = 0;
			defaultConfigurationName = Release;
		};
		034203DB20598F0A00084500 /* Build configuration list for PBXNativeTarget "WunderDriveTests" */ = {
			isa = XCConfigurationList;
			buildConfigurations = (
				034203DC20598F0A00084500 /* Debug */,
				034203DD20598F0A00084500 /* Release */,
			);
			defaultConfigurationIsVisible = 0;
			defaultConfigurationName = Release;
		};
		034203DE20598F0A00084500 /* Build configuration list for PBXNativeTarget "WunderDriveUITests" */ = {
			isa = XCConfigurationList;
			buildConfigurations = (
				034203DF20598F0A00084500 /* Debug */,
				034203E020598F0A00084500 /* Release */,
			);
			defaultConfigurationIsVisible = 0;
			defaultConfigurationName = Release;
		};
/* End XCConfigurationList section */
	};
	rootObject = 034203A820598F0900084500 /* Project object */;
}
